// !$*UTF8*$!
{
	archiveVersion = 1;
	classes = {
	};
	objectVersion = 56;
	objects = {

/* Begin PBXBuildFile section */
		CF2616BE29E2EBA10031AF47 /* SwiftUI_MemoApp.swift in Sources */ = {isa = PBXBuildFile; fileRef = CF2616BD29E2EBA10031AF47 /* SwiftUI_MemoApp.swift */; };
		CF2616C029E2EBA10031AF47 /* ContentView.swift in Sources */ = {isa = PBXBuildFile; fileRef = CF2616BF29E2EBA10031AF47 /* ContentView.swift */; };
		CF2616C229E2EBA20031AF47 /* Assets.xcassets in Resources */ = {isa = PBXBuildFile; fileRef = CF2616C129E2EBA20031AF47 /* Assets.xcassets */; };
		CF2616C529E2EBA20031AF47 /* Preview Assets.xcassets in Resources */ = {isa = PBXBuildFile; fileRef = CF2616C429E2EBA20031AF47 /* Preview Assets.xcassets */; };
		CF2616CD29E2EC230031AF47 /* Realm in Frameworks */ = {isa = PBXBuildFile; productRef = CF2616CC29E2EC230031AF47 /* Realm */; };
		CF2616CF29E2EC230031AF47 /* RealmSwift in Frameworks */ = {isa = PBXBuildFile; productRef = CF2616CE29E2EC230031AF47 /* RealmSwift */; };
		CF2616D429E2EC780031AF47 /* Data.swift in Sources */ = {isa = PBXBuildFile; fileRef = CF2616D329E2EC780031AF47 /* Data.swift */; };
		CF2616D629E2EF270031AF47 /* MemoViewModel.swift in Sources */ = {isa = PBXBuildFile; fileRef = CF2616D529E2EF270031AF47 /* MemoViewModel.swift */; };
		CF2616D829E2F0810031AF47 /* MemoItem.swift in Sources */ = {isa = PBXBuildFile; fileRef = CF2616D729E2F0810031AF47 /* MemoItem.swift */; };
/* End PBXBuildFile section */

/* Begin PBXFileReference section */
		CF2616BA29E2EBA10031AF47 /* SwiftUI_Memo.app */ = {isa = PBXFileReference; explicitFileType = wrapper.application; includeInIndex = 0; path = SwiftUI_Memo.app; sourceTree = BUILT_PRODUCTS_DIR; };
		CF2616BD29E2EBA10031AF47 /* SwiftUI_MemoApp.swift */ = {isa = PBXFileReference; lastKnownFileType = sourcecode.swift; path = SwiftUI_MemoApp.swift; sourceTree = "<group>"; };
		CF2616BF29E2EBA10031AF47 /* ContentView.swift */ = {isa = PBXFileReference; lastKnownFileType = sourcecode.swift; path = ContentView.swift; sourceTree = "<group>"; };
		CF2616C129E2EBA20031AF47 /* Assets.xcassets */ = {isa = PBXFileReference; lastKnownFileType = folder.assetcatalog; path = Assets.xcassets; sourceTree = "<group>"; };
		CF2616C429E2EBA20031AF47 /* Preview Assets.xcassets */ = {isa = PBXFileReference; lastKnownFileType = folder.assetcatalog; path = "Preview Assets.xcassets"; sourceTree = "<group>"; };
		CF2616D329E2EC780031AF47 /* Data.swift */ = {isa = PBXFileReference; lastKnownFileType = sourcecode.swift; path = Data.swift; sourceTree = "<group>"; };
		CF2616D529E2EF270031AF47 /* MemoViewModel.swift */ = {isa = PBXFileReference; lastKnownFileType = sourcecode.swift; path = MemoViewModel.swift; sourceTree = "<group>"; };
		CF2616D729E2F0810031AF47 /* MemoItem.swift */ = {isa = PBXFileReference; lastKnownFileType = sourcecode.swift; path = MemoItem.swift; sourceTree = "<group>"; };
/* End PBXFileReference section */

/* Begin PBXFrameworksBuildPhase section */
		CF2616B729E2EBA10031AF47 /* Frameworks */ = {
			isa = PBXFrameworksBuildPhase;
			buildActionMask = 2147483647;
			files = (
				CF2616CF29E2EC230031AF47 /* RealmSwift in Frameworks */,
				CF2616CD29E2EC230031AF47 /* Realm in Frameworks */,
			);
			runOnlyForDeploymentPostprocessing = 0;
		};
/* End PBXFrameworksBuildPhase section */

/* Begin PBXGroup section */
		CF2616B129E2EBA10031AF47 = {
			isa = PBXGroup;
			children = (
				CF2616BC29E2EBA10031AF47 /* SwiftUI_Memo */,
				CF2616BB29E2EBA10031AF47 /* Products */,
			);
			sourceTree = "<group>";
		};
		CF2616BB29E2EBA10031AF47 /* Products */ = {
			isa = PBXGroup;
			children = (
				CF2616BA29E2EBA10031AF47 /* SwiftUI_Memo.app */,
			);
			name = Products;
			sourceTree = "<group>";
		};
		CF2616BC29E2EBA10031AF47 /* SwiftUI_Memo */ = {
			isa = PBXGroup;
			children = (
				CF2616D229E2EC6C0031AF47 /* ViewModel */,
				CF2616D129E2EC660031AF47 /* Model */,
				CF2616D029E2EC5C0031AF47 /* View */,
				CF2616C129E2EBA20031AF47 /* Assets.xcassets */,
				CF2616C329E2EBA20031AF47 /* Preview Content */,
			);
			path = SwiftUI_Memo;
			sourceTree = "<group>";
		};
		CF2616C329E2EBA20031AF47 /* Preview Content */ = {
			isa = PBXGroup;
			children = (
				CF2616C429E2EBA20031AF47 /* Preview Assets.xcassets */,
			);
			path = "Preview Content";
			sourceTree = "<group>";
		};
		CF2616D029E2EC5C0031AF47 /* View */ = {
			isa = PBXGroup;
			children = (
				CF2616BD29E2EBA10031AF47 /* SwiftUI_MemoApp.swift */,
				CF2616BF29E2EBA10031AF47 /* ContentView.swift */,
				CF2616D729E2F0810031AF47 /* MemoItem.swift */,
			);
			path = View;
			sourceTree = "<group>";
		};
		CF2616D129E2EC660031AF47 /* Model */ = {
			isa = PBXGroup;
			children = (
				CF2616D329E2EC780031AF47 /* Data.swift */,
			);
			path = Model;
			sourceTree = "<group>";
		};
		CF2616D229E2EC6C0031AF47 /* ViewModel */ = {
			isa = PBXGroup;
			children = (
				CF2616D529E2EF270031AF47 /* MemoViewModel.swift */,
			);
			path = ViewModel;
			sourceTree = "<group>";
		};
/* End PBXGroup section */

/* Begin PBXNativeTarget section */
		CF2616B929E2EBA10031AF47 /* SwiftUI_Memo */ = {
			isa = PBXNativeTarget;
			buildConfigurationList = CF2616C829E2EBA20031AF47 /* Build configuration list for PBXNativeTarget "SwiftUI_Memo" */;
			buildPhases = (
				CF2616B629E2EBA10031AF47 /* Sources */,
				CF2616B729E2EBA10031AF47 /* Frameworks */,
				CF2616B829E2EBA10031AF47 /* Resources */,
			);
			buildRules = (
			);
			dependencies = (
			);
			name = SwiftUI_Memo;
			packageProductDependencies = (
				CF2616CC29E2EC230031AF47 /* Realm */,
				CF2616CE29E2EC230031AF47 /* RealmSwift */,
			);
			productName = SwiftUI_Memo;
			productReference = CF2616BA29E2EBA10031AF47 /* SwiftUI_Memo.app */;
			productType = "com.apple.product-type.application";
		};
/* End PBXNativeTarget section */

/* Begin PBXProject section */
		CF2616B229E2EBA10031AF47 /* Project object */ = {
			isa = PBXProject;
			attributes = {
				BuildIndependentTargetsInParallel = 1;
				LastSwiftUpdateCheck = 1410;
				LastUpgradeCheck = 1410;
				TargetAttributes = {
					CF2616B929E2EBA10031AF47 = {
						CreatedOnToolsVersion = 14.1;
					};
				};
			};
			buildConfigurationList = CF2616B529E2EBA10031AF47 /* Build configuration list for PBXProject "SwiftUI_Memo" */;
			compatibilityVersion = "Xcode 14.0";
			developmentRegion = en;
			hasScannedForEncodings = 0;
			knownRegions = (
				en,
				Base,
			);
			mainGroup = CF2616B129E2EBA10031AF47;
			packageReferences = (
				CF2616CB29E2EC230031AF47 /* XCRemoteSwiftPackageReference "realm-swift" */,
			);
			productRefGroup = CF2616BB29E2EBA10031AF47 /* Products */;
			projectDirPath = "";
			projectRoot = "";
			targets = (
				CF2616B929E2EBA10031AF47 /* SwiftUI_Memo */,
			);
		};
/* End PBXProject section */

/* Begin PBXResourcesBuildPhase section */
		CF2616B829E2EBA10031AF47 /* Resources */ = {
			isa = PBXResourcesBuildPhase;
			buildActionMask = 2147483647;
			files = (
				CF2616C529E2EBA20031AF47 /* Preview Assets.xcassets in Resources */,
				CF2616C229E2EBA20031AF47 /* Assets.xcassets in Resources */,
			);
			runOnlyForDeploymentPostprocessing = 0;
		};
/* End PBXResourcesBuildPhase section */

/* Begin PBXSourcesBuildPhase section */
		CF2616B629E2EBA10031AF47 /* Sources */ = {
			isa = PBXSourcesBuildPhase;
			buildActionMask = 2147483647;
			files = (
				CF2616D629E2EF270031AF47 /* MemoViewModel.swift in Sources */,
				CF2616C029E2EBA10031AF47 /* ContentView.swift in Sources */,
				CF2616D429E2EC780031AF47 /* Data.swift in Sources */,
				CF2616D829E2F0810031AF47 /* MemoItem.swift in Sources */,
				CF2616BE29E2EBA10031AF47 /* SwiftUI_MemoApp.swift in Sources */,
			);
			runOnlyForDeploymentPostprocessing = 0;
		};
/* End PBXSourcesBuildPhase section */

/* Begin XCBuildConfiguration section */
		CF2616C629E2EBA20031AF47 /* Debug */ = {
			isa = XCBuildConfiguration;
			buildSettings = {
				ALWAYS_SEARCH_USER_PATHS = NO;
				CLANG_ANALYZER_NONNULL = YES;
				CLANG_ANALYZER_NUMBER_OBJECT_CONVERSION = YES_AGGRESSIVE;
				CLANG_CXX_LANGUAGE_STANDARD = "gnu++20";
				CLANG_ENABLE_MODULES = YES;
				CLANG_ENABLE_OBJC_ARC = YES;
				CLANG_ENABLE_OBJC_WEAK = YES;
				CLANG_WARN_BLOCK_CAPTURE_AUTORELEASING = YES;
				CLANG_WARN_BOOL_CONVERSION = YES;
				CLANG_WARN_COMMA = YES;
				CLANG_WARN_CONSTANT_CONVERSION = YES;
				CLANG_WARN_DEPRECATED_OBJC_IMPLEMENTATIONS = YES;
				CLANG_WARN_DIRECT_OBJC_ISA_USAGE = YES_ERROR;
				CLANG_WARN_DOCUMENTATION_COMMENTS = YES;
				CLANG_WARN_EMPTY_BODY = YES;
				CLANG_WARN_ENUM_CONVERSION = YES;
				CLANG_WARN_INFINITE_RECURSION = YES;
				CLANG_WARN_INT_CONVERSION = YES;
				CLANG_WARN_NON_LITERAL_NULL_CONVERSION = YES;
				CLANG_WARN_OBJC_IMPLICIT_RETAIN_SELF = YES;
				CLANG_WARN_OBJC_LITERAL_CONVERSION = YES;
				CLANG_WARN_OBJC_ROOT_CLASS = YES_ERROR;
				CLANG_WARN_QUOTED_INCLUDE_IN_FRAMEWORK_HEADER = YES;
				CLANG_WARN_RANGE_LOOP_ANALYSIS = YES;
				CLANG_WARN_STRICT_PROTOTYPES = YES;
				CLANG_WARN_SUSPICIOUS_MOVE = YES;
				CLANG_WARN_UNGUARDED_AVAILABILITY = YES_AGGRESSIVE;
				CLANG_WARN_UNREACHABLE_CODE = YES;
				CLANG_WARN__DUPLICATE_METHOD_MATCH = YES;
				COPY_PHASE_STRIP = NO;
				DEBUG_INFORMATION_FORMAT = dwarf;
				ENABLE_STRICT_OBJC_MSGSEND = YES;
				ENABLE_TESTABILITY = YES;
				GCC_C_LANGUAGE_STANDARD = gnu11;
				GCC_DYNAMIC_NO_PIC = NO;
				GCC_NO_COMMON_BLOCKS = YES;
				GCC_OPTIMIZATION_LEVEL = 0;
				GCC_PREPROCESSOR_DEFINITIONS = (
					"DEBUG=1",
					"$(inherited)",
				);
				GCC_WARN_64_TO_32_BIT_CONVERSION = YES;
				GCC_WARN_ABOUT_RETURN_TYPE = YES_ERROR;
				GCC_WARN_UNDECLARED_SELECTOR = YES;
				GCC_WARN_UNINITIALIZED_AUTOS = YES_AGGRESSIVE;
				GCC_WARN_UNUSED_FUNCTION = YES;
				GCC_WARN_UNUSED_VARIABLE = YES;
				IPHONEOS_DEPLOYMENT_TARGET = 16.1;
				MTL_ENABLE_DEBUG_INFO = INCLUDE_SOURCE;
				MTL_FAST_MATH = YES;
				ONLY_ACTIVE_ARCH = YES;
				SDKROOT = iphoneos;
				SWIFT_ACTIVE_COMPILATION_CONDITIONS = DEBUG;
				SWIFT_OPTIMIZATION_LEVEL = "-Onone";
			};
			name = Debug;
		};
		CF2616C729E2EBA20031AF47 /* Release */ = {
			isa = XCBuildConfiguration;
			buildSettings = {
				ALWAYS_SEARCH_USER_PATHS = NO;
				CLANG_ANALYZER_NONNULL = YES;
				CLANG_ANALYZER_NUMBER_OBJECT_CONVERSION = YES_AGGRESSIVE;
				CLANG_CXX_LANGUAGE_STANDARD = "gnu++20";
				CLANG_ENABLE_MODULES = YES;
				CLANG_ENABLE_OBJC_ARC = YES;
				CLANG_ENABLE_OBJC_WEAK = YES;
				CLANG_WARN_BLOCK_CAPTURE_AUTORELEASING = YES;
				CLANG_WARN_BOOL_CONVERSION = YES;
				CLANG_WARN_COMMA = YES;
				CLANG_WARN_CONSTANT_CONVERSION = YES;
				CLANG_WARN_DEPRECATED_OBJC_IMPLEMENTATIONS = YES;
				CLANG_WARN_DIRECT_OBJC_ISA_USAGE = YES_ERROR;
				CLANG_WARN_DOCUMENTATION_COMMENTS = YES;
				CLANG_WARN_EMPTY_BODY = YES;
				CLANG_WARN_ENUM_CONVERSION = YES;
				CLANG_WARN_INFINITE_RECURSION = YES;
				CLANG_WARN_INT_CONVERSION = YES;
				CLANG_WARN_NON_LITERAL_NULL_CONVERSION = YES;
				CLANG_WARN_OBJC_IMPLICIT_RETAIN_SELF = YES;
				CLANG_WARN_OBJC_LITERAL_CONVERSION = YES;
				CLANG_WARN_OBJC_ROOT_CLASS = YES_ERROR;
				CLANG_WARN_QUOTED_INCLUDE_IN_FRAMEWORK_HEADER = YES;
				CLANG_WARN_RANGE_LOOP_ANALYSIS = YES;
				CLANG_WARN_STRICT_PROTOTYPES = YES;
				CLANG_WARN_SUSPICIOUS_MOVE = YES;
				CLANG_WARN_UNGUARDED_AVAILABILITY = YES_AGGRESSIVE;
				CLANG_WARN_UNREACHABLE_CODE = YES;
				CLANG_WARN__DUPLICATE_METHOD_MATCH = YES;
				COPY_PHASE_STRIP = NO;
				DEBUG_INFORMATION_FORMAT = "dwarf-with-dsym";
				ENABLE_NS_ASSERTIONS = NO;
				ENABLE_STRICT_OBJC_MSGSEND = YES;
				GCC_C_LANGUAGE_STANDARD = gnu11;
				GCC_NO_COMMON_BLOCKS = YES;
				GCC_WARN_64_TO_32_BIT_CONVERSION = YES;
				GCC_WARN_ABOUT_RETURN_TYPE = YES_ERROR;
				GCC_WARN_UNDECLARED_SELECTOR = YES;
				GCC_WARN_UNINITIALIZED_AUTOS = YES_AGGRESSIVE;
				GCC_WARN_UNUSED_FUNCTION = YES;
				GCC_WARN_UNUSED_VARIABLE = YES;
				IPHONEOS_DEPLOYMENT_TARGET = 16.1;
				MTL_ENABLE_DEBUG_INFO = NO;
				MTL_FAST_MATH = YES;
				SDKROOT = iphoneos;
				SWIFT_COMPILATION_MODE = wholemodule;
				SWIFT_OPTIMIZATION_LEVEL = "-O";
				VALIDATE_PRODUCT = YES;
			};
			name = Release;
		};
		CF2616C929E2EBA20031AF47 /* Debug */ = {
			isa = XCBuildConfiguration;
			buildSettings = {
				ASSETCATALOG_COMPILER_APPICON_NAME = AppIcon;
				ASSETCATALOG_COMPILER_GLOBAL_ACCENT_COLOR_NAME = AccentColor;
				CODE_SIGN_STYLE = Automatic;
				CURRENT_PROJECT_VERSION = 1;
				DEVELOPMENT_ASSET_PATHS = "\"SwiftUI_Memo/Preview Content\"";
				DEVELOPMENT_TEAM = EX6G2VC9J8;
				ENABLE_PREVIEWS = YES;
				GENERATE_INFOPLIST_FILE = YES;
				INFOPLIST_KEY_UIApplicationSceneManifest_Generation = YES;
				INFOPLIST_KEY_UIApplicationSupportsIndirectInputEvents = YES;
				INFOPLIST_KEY_UILaunchScreen_Generation = YES;
				INFOPLIST_KEY_UISupportedInterfaceOrientations_iPad = "UIInterfaceOrientationPortrait UIInterfaceOrientationPortraitUpsideDown UIInterfaceOrientationLandscapeLeft UIInterfaceOrientationLandscapeRight";
				INFOPLIST_KEY_UISupportedInterfaceOrientations_iPhone = "UIInterfaceOrientationPortrait UIInterfaceOrientationLandscapeLeft UIInterfaceOrientationLandscapeRight";
				LD_RUNPATH_SEARCH_PATHS = (
					"$(inherited)",
					"@executable_path/Frameworks",
				);
				MARKETING_VERSION = 1.0;
				PRODUCT_BUNDLE_IDENTIFIER = "com.dldmswo1209.SwiftUI-Memo";
				PRODUCT_NAME = "$(TARGET_NAME)";
				SWIFT_EMIT_LOC_STRINGS = YES;
				SWIFT_VERSION = 5.0;
				TARGETED_DEVICE_FAMILY = "1,2";
			};
			name = Debug;
		};
		CF2616CA29E2EBA20031AF47 /* Release */ = {
			isa = XCBuildConfiguration;
			buildSettings = {
				ASSETCATALOG_COMPILER_APPICON_NAME = AppIcon;
				ASSETCATALOG_COMPILER_GLOBAL_ACCENT_COLOR_NAME = AccentColor;
				CODE_SIGN_STYLE = Automatic;
				CURRENT_PROJECT_VERSION = 1;
				DEVELOPMENT_ASSET_PATHS = "\"SwiftUI_Memo/Preview Content\"";
				DEVELOPMENT_TEAM = EX6G2VC9J8;
				ENABLE_PREVIEWS = YES;
				GENERATE_INFOPLIST_FILE = YES;
				INFOPLIST_KEY_UIApplicationSceneManifest_Generation = YES;
				INFOPLIST_KEY_UIApplicationSupportsIndirectInputEvents = YES;
				INFOPLIST_KEY_UILaunchScreen_Generation = YES;
				INFOPLIST_KEY_UISupportedInterfaceOrientations_iPad = "UIInterfaceOrientationPortrait UIInterfaceOrientationPortraitUpsideDown UIInterfaceOrientationLandscapeLeft UIInterfaceOrientationLandscapeRight";
				INFOPLIST_KEY_UISupportedInterfaceOrientations_iPhone = "UIInterfaceOrientationPortrait UIInterfaceOrientationLandscapeLeft UIInterfaceOrientationLandscapeRight";
				LD_RUNPATH_SEARCH_PATHS = (
					"$(inherited)",
					"@executable_path/Frameworks",
				);
				MARKETING_VERSION = 1.0;
				PRODUCT_BUNDLE_IDENTIFIER = "com.dldmswo1209.SwiftUI-Memo";
				PRODUCT_NAME = "$(TARGET_NAME)";
				SWIFT_EMIT_LOC_STRINGS = YES;
				SWIFT_VERSION = 5.0;
				TARGETED_DEVICE_FAMILY = "1,2";
			};
			name = Release;
		};
/* End XCBuildConfiguration section */

/* Begin XCConfigurationList section */
		CF2616B529E2EBA10031AF47 /* Build configuration list for PBXProject "SwiftUI_Memo" */ = {
			isa = XCConfigurationList;
			buildConfigurations = (
				CF2616C629E2EBA20031AF47 /* Debug */,
				CF2616C729E2EBA20031AF47 /* Release */,
			);
			defaultConfigurationIsVisible = 0;
			defaultConfigurationName = Release;
		};
		CF2616C829E2EBA20031AF47 /* Build configuration list for PBXNativeTarget "SwiftUI_Memo" */ = {
			isa = XCConfigurationList;
			buildConfigurations = (
				CF2616C929E2EBA20031AF47 /* Debug */,
				CF2616CA29E2EBA20031AF47 /* Release */,
			);
			defaultConfigurationIsVisible = 0;
			defaultConfigurationName = Release;
		};
/* End XCConfigurationList section */

/* Begin XCRemoteSwiftPackageReference section */
		CF2616CB29E2EC230031AF47 /* XCRemoteSwiftPackageReference "realm-swift" */ = {
			isa = XCRemoteSwiftPackageReference;
			repositoryURL = "https://github.com/realm/realm-swift.git";
			requirement = {
				kind = upToNextMajorVersion;
				minimumVersion = 10.38.0;
			};
		};
/* End XCRemoteSwiftPackageReference section */

/* Begin XCSwiftPackageProductDependency section */
		CF2616CC29E2EC230031AF47 /* Realm */ = {
			isa = XCSwiftPackageProductDependency;
			package = CF2616CB29E2EC230031AF47 /* XCRemoteSwiftPackageReference "realm-swift" */;
			productName = Realm;
		};
		CF2616CE29E2EC230031AF47 /* RealmSwift */ = {
			isa = XCSwiftPackageProductDependency;
			package = CF2616CB29E2EC230031AF47 /* XCRemoteSwiftPackageReference "realm-swift" */;
			productName = RealmSwift;
		};
/* End XCSwiftPackageProductDependency section */
	};
	rootObject = CF2616B229E2EBA10031AF47 /* Project object */;
}
